
Microsoft Visual Studio Solution File, Format Version 12.00
# Visual Studio Version 17
VisualStudioVersion = 17.8.34525.116
MinimumVisualStudioVersion = 10.0.40219.1
Project("{FAE04EC0-301F-11D3-BF4B-00C04F79EFBC}") = "GoldenTeeAssistant", "GoldenTeeAssistant\GoldenTeeAssistant.csproj", "{0BE3C2B0-CD96-4D55-9C7A-2136CEDE416B}"
EndProject
Global
	GlobalSection(SolutionConfigurationPlatforms) = preSolution
		Debug|Any CPU = Debug|Any CPU
		Release|Any CPU = Release|Any CPU
	EndGlobalSection
	GlobalSection(ProjectConfigurationPlatforms) = postSolution
		{0BE3C2B0-CD96-4D55-9C7A-2136CEDE416B}.Debug|Any CPU.ActiveCfg = Debug|Any CPU
		{0BE3C2B0-CD96-4D55-9C7A-2136CEDE416B}.Debug|Any CPU.Build.0 = Debug|Any CPU
		{0BE3C2B0-CD96-4D55-9C7A-2136CEDE416B}.Release|Any CPU.ActiveCfg = Release|Any CPU
		{0BE3C2B0-CD96-4D55-9C7A-2136CEDE416B}.Release|Any CPU.Build.0 = Release|Any CPU
	EndGlobalSection
	GlobalSection(SolutionProperties) = preSolution
		HideSolutionNode = FALSE
	EndGlobalSection
	GlobalSection(ExtensibilityGlobals) = postSolution
		SolutionGuid = {1C9CDB6B-8644-4F99-9CEA-A2F8F5B182A1}
	EndGlobalSection
EndGlobal
